
Microsoft Visual Studio Solution File, Format Version 12.00
# Visual Studio Version 17
VisualStudioVersion = 17.4.33205.214
MinimumVisualStudioVersion = 10.0.40219.1
Project("{FAE04EC0-301F-11D3-BF4B-00C04F79EFBC}") = "GUI", "GUI\GUI.csproj", "{79ADC398-C9AC-4789-B1CD-B160EAAE205B}"
EndProject
Project("{FAE04EC0-301F-11D3-BF4B-00C04F79EFBC}") = "DTO", "DTO\DTO.csproj", "{54DF85CD-8F4E-4AE0-B6A9-1468304352E0}"
EndProject
Project("{FAE04EC0-301F-11D3-BF4B-00C04F79EFBC}") = "DAL", "DAL\DAL.csproj", "{A3EFFAA1-F739-4EFA-9905-CE4876FA2A8D}"
EndProject
Project("{FAE04EC0-301F-11D3-BF4B-00C04F79EFBC}") = "BLL", "BLL\BLL.csproj", "{49B11625-D759-4B04-B5DE-9C4E07B45793}"
EndProject
Global
	GlobalSection(SolutionConfigurationPlatforms) = preSolution
		Debug|Any CPU = Debug|Any CPU
		Release|Any CPU = Release|Any CPU
	EndGlobalSection
	GlobalSection(ProjectConfigurationPlatforms) = postSolution
		{79ADC398-C9AC-4789-B1CD-B160EAAE205B}.Debug|Any CPU.ActiveCfg = Debug|Any CPU
		{79ADC398-C9AC-4789-B1CD-B160EAAE205B}.Debug|Any CPU.Build.0 = Debug|Any CPU
		{79ADC398-C9AC-4789-B1CD-B160EAAE205B}.Release|Any CPU.ActiveCfg = Release|Any CPU
		{79ADC398-C9AC-4789-B1CD-B160EAAE205B}.Release|Any CPU.Build.0 = Release|Any CPU
		{54DF85CD-8F4E-4AE0-B6A9-1468304352E0}.Debug|Any CPU.ActiveCfg = Debug|Any CPU
		{54DF85CD-8F4E-4AE0-B6A9-1468304352E0}.Debug|Any CPU.Build.0 = Debug|Any CPU
		{54DF85CD-8F4E-4AE0-B6A9-1468304352E0}.Release|Any CPU.ActiveCfg = Release|Any CPU
		{54DF85CD-8F4E-4AE0-B6A9-1468304352E0}.Release|Any CPU.Build.0 = Release|Any CPU
		{A3EFFAA1-F739-4EFA-9905-CE4876FA2A8D}.Debug|Any CPU.ActiveCfg = Debug|Any CPU
		{A3EFFAA1-F739-4EFA-9905-CE4876FA2A8D}.Debug|Any CPU.Build.0 = Debug|Any CPU
		{A3EFFAA1-F739-4EFA-9905-CE4876FA2A8D}.Release|Any CPU.ActiveCfg = Release|Any CPU
		{A3EFFAA1-F739-4EFA-9905-CE4876FA2A8D}.Release|Any CPU.Build.0 = Release|Any CPU
		{49B11625-D759-4B04-B5DE-9C4E07B45793}.Debug|Any CPU.ActiveCfg = Debug|Any CPU
		{49B11625-D759-4B04-B5DE-9C4E07B45793}.Debug|Any CPU.Build.0 = Debug|Any CPU
		{49B11625-D759-4B04-B5DE-9C4E07B45793}.Release|Any CPU.ActiveCfg = Release|Any CPU
		{49B11625-D759-4B04-B5DE-9C4E07B45793}.Release|Any CPU.Build.0 = Release|Any CPU
	EndGlobalSection
	GlobalSection(SolutionProperties) = preSolution
		HideSolutionNode = FALSE
	EndGlobalSection
	GlobalSection(ExtensibilityGlobals) = postSolution
		SolutionGuid = {3D295996-EE20-499A-AC82-8FD4505FD5D9}
	EndGlobalSection
EndGlobal
